
Microsoft Visual Studio Solution File, Format Version 12.00
# Visual Studio Version 16
VisualStudioVersion = 16.0.31019.35
MinimumVisualStudioVersion = 10.0.40219.1
Project("{FAE04EC0-301F-11D3-BF4B-00C04F79EFBC}") = "Practice", "Practice\Practice.csproj", "{E960B03A-0242-492A-9702-461C37DF2B98}"
EndProject
Global
	GlobalSection(SolutionConfigurationPlatforms) = preSolution
		Debug|Any CPU = Debug|Any CPU
		Release|Any CPU = Release|Any CPU
	EndGlobalSection
	GlobalSection(ProjectConfigurationPlatforms) = postSolution
		{E960B03A-0242-492A-9702-461C37DF2B98}.Debug|Any CPU.ActiveCfg = Debug|Any CPU
		{E960B03A-0242-492A-9702-461C37DF2B98}.Debug|Any CPU.Build.0 = Debug|Any CPU
		{E960B03A-0242-492A-9702-461C37DF2B98}.Release|Any CPU.ActiveCfg = Release|Any CPU
		{E960B03A-0242-492A-9702-461C37DF2B98}.Release|Any CPU.Build.0 = Release|Any CPU
	EndGlobalSection
	GlobalSection(SolutionProperties) = preSolution
		HideSolutionNode = FALSE
	EndGlobalSection
	GlobalSection(ExtensibilityGlobals) = postSolution
		SolutionGuid = {E309631A-7381-4A5B-ACD0-1B276874C72D}
	EndGlobalSection
EndGlobal
